
Microsoft Visual Studio Solution File, Format Version 12.00
# Visual Studio 15
VisualStudioVersion = 15.0.28307.852
MinimumVisualStudioVersion = 10.0.40219.1
Project("{FAE04EC0-301F-11D3-BF4B-00C04F79EFBC}") = "QuizApp", "QuizApp\QuizApp\QuizApp.csproj", "{1D01BBCD-AE1D-4C08-934C-8B87BDF72306}"
EndProject
Project("{FAE04EC0-301F-11D3-BF4B-00C04F79EFBC}") = "QuizApp.Android", "QuizApp\QuizApp.Android\QuizApp.Android.csproj", "{ADF118FD-FFEF-48E6-90B3-A1B03676832E}"
EndProject
Project("{FAE04EC0-301F-11D3-BF4B-00C04F79EFBC}") = "QuizApp.iOS", "QuizApp\QuizApp.iOS\QuizApp.iOS.csproj", "{8EE469B1-0D90-4634-AEA4-2D9ACA32578D}"
EndProject
Project("{FAE04EC0-301F-11D3-BF4B-00C04F79EFBC}") = "QuizApp.UWP", "QuizApp\QuizApp.UWP\QuizApp.UWP.csproj", "{F7DE160E-2A02-46B7-A6A4-639398BEA28A}"
EndProject
Global
	GlobalSection(SolutionConfigurationPlatforms) = preSolution
		Ad-Hoc|Any CPU = Ad-Hoc|Any CPU
		Ad-Hoc|ARM = Ad-Hoc|ARM
		Ad-Hoc|iPhone = Ad-Hoc|iPhone
		Ad-Hoc|iPhoneSimulator = Ad-Hoc|iPhoneSimulator
		Ad-Hoc|x64 = Ad-Hoc|x64
		Ad-Hoc|x86 = Ad-Hoc|x86
		AppStore|Any CPU = AppStore|Any CPU
		AppStore|ARM = AppStore|ARM
		AppStore|iPhone = AppStore|iPhone
		AppStore|iPhoneSimulator = AppStore|iPhoneSimulator
		AppStore|x64 = AppStore|x64
		AppStore|x86 = AppStore|x86
		Debug|Any CPU = Debug|Any CPU
		Debug|ARM = Debug|ARM
		Debug|iPhone = Debug|iPhone
		Debug|iPhoneSimulator = Debug|iPhoneSimulator
		Debug|x64 = Debug|x64
		Debug|x86 = Debug|x86
		Release|Any CPU = Release|Any CPU
		Release|ARM = Release|ARM
		Release|iPhone = Release|iPhone
		Release|iPhoneSimulator = Release|iPhoneSimulator
		Release|x64 = Release|x64
		Release|x86 = Release|x86
	EndGlobalSection
	GlobalSection(ProjectConfigurationPlatforms) = postSolution
		{1D01BBCD-AE1D-4C08-934C-8B87BDF72306}.Ad-Hoc|Any CPU.ActiveCfg = Debug|Any CPU
		{1D01BBCD-AE1D-4C08-934C-8B87BDF72306}.Ad-Hoc|Any CPU.Build.0 = Debug|Any CPU
		{1D01BBCD-AE1D-4C08-934C-8B87BDF72306}.Ad-Hoc|ARM.ActiveCfg = Debug|Any CPU
		{1D01BBCD-AE1D-4C08-934C-8B87BDF72306}.Ad-Hoc|ARM.Build.0 = Debug|Any CPU
		{1D01BBCD-AE1D-4C08-934C-8B87BDF72306}.Ad-Hoc|iPhone.ActiveCfg = Debug|Any CPU
		{1D01BBCD-AE1D-4C08-934C-8B87BDF72306}.Ad-Hoc|iPhone.Build.0 = Debug|Any CPU
		{1D01BBCD-AE1D-4C08-934C-8B87BDF72306}.Ad-Hoc|iPhoneSimulator.ActiveCfg = Debug|Any CPU
		{1D01BBCD-AE1D-4C08-934C-8B87BDF72306}.Ad-Hoc|iPhoneSimulator.Build.0 = Debug|Any CPU
		{1D01BBCD-AE1D-4C08-934C-8B87BDF72306}.Ad-Hoc|x64.ActiveCfg = Debug|Any CPU
		{1D01BBCD-AE1D-4C08-934C-8B87BDF72306}.Ad-Hoc|x64.Build.0 = Debug|Any CPU
		{1D01BBCD-AE1D-4C08-934C-8B87BDF72306}.Ad-Hoc|x86.ActiveCfg = Debug|Any CPU
		{1D01BBCD-AE1D-4C08-934C-8B87BDF72306}.Ad-Hoc|x86.Build.0 = Debug|Any CPU
		{1D01BBCD-AE1D-4C08-934C-8B87BDF72306}.AppStore|Any CPU.ActiveCfg = Debug|Any CPU
		{1D01BBCD-AE1D-4C08-934C-8B87BDF72306}.AppStore|Any CPU.Build.0 = Debug|Any CPU
		{1D01BBCD-AE1D-4C08-934C-8B87BDF72306}.AppStore|ARM.ActiveCfg = Debug|Any CPU
		{1D01BBCD-AE1D-4C08-934C-8B87BDF72306}.AppStore|ARM.Build.0 = Debug|Any CPU
		{1D01BBCD-AE1D-4C08-934C-8B87BDF72306}.AppStore|iPhone.ActiveCfg = Debug|Any CPU
		{1D01BBCD-AE1D-4C08-934C-8B87BDF72306}.AppStore|iPhone.Build.0 = Debug|Any CPU
		{1D01BBCD-AE1D-4C08-934C-8B87BDF72306}.AppStore|iPhoneSimulator.ActiveCfg = Debug|Any CPU
		{1D01BBCD-AE1D-4C08-934C-8B87BDF72306}.AppStore|iPhoneSimulator.Build.0 = Debug|Any CPU
		{1D01BBCD-AE1D-4C08-934C-8B87BDF72306}.AppStore|x64.ActiveCfg = Debug|Any CPU
		{1D01BBCD-AE1D-4C08-934C-8B87BDF72306}.AppStore|x64.Build.0 = Debug|Any CPU
		{1D01BBCD-AE1D-4C08-934C-8B87BDF72306}.AppStore|x86.ActiveCfg = Debug|Any CPU
		{1D01BBCD-AE1D-4C08-934C-8B87BDF72306}.AppStore|x86.Build.0 = Debug|Any CPU
		{1D01BBCD-AE1D-4C08-934C-8B87BDF72306}.Debug|Any CPU.ActiveCfg = Debug|Any CPU
		{1D01BBCD-AE1D-4C08-934C-8B87BDF72306}.Debug|Any CPU.Build.0 = Debug|Any CPU
		{1D01BBCD-AE1D-4C08-934C-8B87BDF72306}.Debug|ARM.ActiveCfg = Debug|Any CPU
		{1D01BBCD-AE1D-4C08-934C-8B87BDF72306}.Debug|ARM.Build.0 = Debug|Any CPU
		{1D01BBCD-AE1D-4C08-934C-8B87BDF72306}.Debug|iPhone.ActiveCfg = Debug|Any CPU
		{1D01BBCD-AE1D-4C08-934C-8B87BDF72306}.Debug|iPhone.Build.0 = Debug|Any CPU
		{1D01BBCD-AE1D-4C08-934C-8B87BDF72306}.Debug|iPhoneSimulator.ActiveCfg = Debug|Any CPU
		{1D01BBCD-AE1D-4C08-934C-8B87BDF72306}.Debug|iPhoneSimulator.Build.0 = Debug|Any CPU
		{1D01BBCD-AE1D-4C08-934C-8B87BDF72306}.Debug|x64.ActiveCfg = Debug|Any CPU
		{1D01BBCD-AE1D-4C08-934C-8B87BDF72306}.Debug|x64.Build.0 = Debug|Any CPU
		{1D01BBCD-AE1D-4C08-934C-8B87BDF72306}.Debug|x86.ActiveCfg = Debug|Any CPU
		{1D01BBCD-AE1D-4C08-934C-8B87BDF72306}.Debug|x86.Build.0 = Debug|Any CPU
		{1D01BBCD-AE1D-4C08-934C-8B87BDF72306}.Release|Any CPU.ActiveCfg = Release|Any CPU
		{1D01BBCD-AE1D-4C08-934C-8B87BDF72306}.Release|Any CPU.Build.0 = Release|Any CPU
		{1D01BBCD-AE1D-4C08-934C-8B87BDF72306}.Release|ARM.ActiveCfg = Release|Any CPU
		{1D01BBCD-AE1D-4C08-934C-8B87BDF72306}.Release|ARM.Build.0 = Release|Any CPU
		{1D01BBCD-AE1D-4C08-934C-8B87BDF72306}.Release|iPhone.ActiveCfg = Release|Any CPU
		{1D01BBCD-AE1D-4C08-934C-8B87BDF72306}.Release|iPhone.Build.0 = Release|Any CPU
		{1D01BBCD-AE1D-4C08-934C-8B87BDF72306}.Release|iPhoneSimulator.ActiveCfg = Release|Any CPU
		{1D01BBCD-AE1D-4C08-934C-8B87BDF72306}.Release|iPhoneSimulator.Build.0 = Release|Any CPU
		{1D01BBCD-AE1D-4C08-934C-8B87BDF72306}.Release|x64.ActiveCfg = Release|Any CPU
		{1D01BBCD-AE1D-4C08-934C-8B87BDF72306}.Release|x64.Build.0 = Release|Any CPU
		{1D01BBCD-AE1D-4C08-934C-8B87BDF72306}.Release|x86.ActiveCfg = Release|Any CPU
		{1D01BBCD-AE1D-4C08-934C-8B87BDF72306}.Release|x86.Build.0 = Release|Any CPU
		{ADF118FD-FFEF-48E6-90B3-A1B03676832E}.Ad-Hoc|Any CPU.ActiveCfg = Release|Any CPU
		{ADF118FD-FFEF-48E6-90B3-A1B03676832E}.Ad-Hoc|Any CPU.Build.0 = Release|Any CPU
		{ADF118FD-FFEF-48E6-90B3-A1B03676832E}.Ad-Hoc|Any CPU.Deploy.0 = Release|Any CPU
		{ADF118FD-FFEF-48E6-90B3-A1B03676832E}.Ad-Hoc|ARM.ActiveCfg = Release|Any CPU
		{ADF118FD-FFEF-48E6-90B3-A1B03676832E}.Ad-Hoc|ARM.Build.0 = Release|Any CPU
		{ADF118FD-FFEF-48E6-90B3-A1B03676832E}.Ad-Hoc|ARM.Deploy.0 = Release|Any CPU
		{ADF118FD-FFEF-48E6-90B3-A1B03676832E}.Ad-Hoc|iPhone.ActiveCfg = Release|Any CPU
		{ADF118FD-FFEF-48E6-90B3-A1B03676832E}.Ad-Hoc|iPhone.Build.0 = Release|Any CPU
		{ADF118FD-FFEF-48E6-90B3-A1B03676832E}.Ad-Hoc|iPhone.Deploy.0 = Release|Any CPU
		{ADF118FD-FFEF-48E6-90B3-A1B03676832E}.Ad-Hoc|iPhoneSimulator.ActiveCfg = Release|Any CPU
		{ADF118FD-FFEF-48E6-90B3-A1B03676832E}.Ad-Hoc|iPhoneSimulator.Build.0 = Release|Any CPU
		{ADF118FD-FFEF-48E6-90B3-A1B03676832E}.Ad-Hoc|iPhoneSimulator.Deploy.0 = Release|Any CPU
		{ADF118FD-FFEF-48E6-90B3-A1B03676832E}.Ad-Hoc|x64.ActiveCfg = Release|Any CPU
		{ADF118FD-FFEF-48E6-90B3-A1B03676832E}.Ad-Hoc|x64.Build.0 = Release|Any CPU
		{ADF118FD-FFEF-48E6-90B3-A1B03676832E}.Ad-Hoc|x64.Deploy.0 = Release|Any CPU
		{ADF118FD-FFEF-48E6-90B3-A1B03676832E}.Ad-Hoc|x86.ActiveCfg = Release|Any CPU
		{ADF118FD-FFEF-48E6-90B3-A1B03676832E}.Ad-Hoc|x86.Build.0 = Release|Any CPU
		{ADF118FD-FFEF-48E6-90B3-A1B03676832E}.Ad-Hoc|x86.Deploy.0 = Release|Any CPU
		{ADF118FD-FFEF-48E6-90B3-A1B03676832E}.AppStore|Any CPU.ActiveCfg = Release|Any CPU
		{ADF118FD-FFEF-48E6-90B3-A1B03676832E}.AppStore|Any CPU.Build.0 = Release|Any CPU
		{ADF118FD-FFEF-48E6-90B3-A1B03676832E}.AppStore|Any CPU.Deploy.0 = Release|Any CPU
		{ADF118FD-FFEF-48E6-90B3-A1B03676832E}.AppStore|ARM.ActiveCfg = Release|Any CPU
		{ADF118FD-FFEF-48E6-90B3-A1B03676832E}.AppStore|ARM.Build.0 = Release|Any CPU
		{ADF118FD-FFEF-48E6-90B3-A1B03676832E}.AppStore|ARM.Deploy.0 = Release|Any CPU
		{ADF118FD-FFEF-48E6-90B3-A1B03676832E}.AppStore|iPhone.ActiveCfg = Release|Any CPU
		{ADF118FD-FFEF-48E6-90B3-A1B03676832E}.AppStore|iPhone.Build.0 = Release|Any CPU
		{ADF118FD-FFEF-48E6-90B3-A1B03676832E}.AppStore|iPhone.Deploy.0 = Release|Any CPU
		{ADF118FD-FFEF-48E6-90B3-A1B03676832E}.AppStore|iPhoneSimulator.ActiveCfg = Release|Any CPU
		{ADF118FD-FFEF-48E6-90B3-A1B03676832E}.AppStore|iPhoneSimulator.Build.0 = Release|Any CPU
		{ADF118FD-FFEF-48E6-90B3-A1B03676832E}.AppStore|iPhoneSimulator.Deploy.0 = Release|Any CPU
		{ADF118FD-FFEF-48E6-90B3-A1B03676832E}.AppStore|x64.ActiveCfg = Release|Any CPU
		{ADF118FD-FFEF-48E6-90B3-A1B03676832E}.AppStore|x64.Build.0 = Release|Any CPU
		{ADF118FD-FFEF-48E6-90B3-A1B03676832E}.AppStore|x64.Deploy.0 = Release|Any CPU
		{ADF118FD-FFEF-48E6-90B3-A1B03676832E}.AppStore|x86.ActiveCfg = Release|Any CPU
		{ADF118FD-FFEF-48E6-90B3-A1B03676832E}.AppStore|x86.Build.0 = Release|Any CPU
		{ADF118FD-FFEF-48E6-90B3-A1B03676832E}.AppStore|x86.Deploy.0 = Release|Any CPU
		{ADF118FD-FFEF-48E6-90B3-A1B03676832E}.Debug|Any CPU.ActiveCfg = Debug|Any CPU
		{ADF118FD-FFEF-48E6-90B3-A1B03676832E}.Debug|Any CPU.Build.0 = Debug|Any CPU
		{ADF118FD-FFEF-48E6-90B3-A1B03676832E}.Debug|Any CPU.Deploy.0 = Debug|Any CPU
		{ADF118FD-FFEF-48E6-90B3-A1B03676832E}.Debug|ARM.ActiveCfg = Debug|Any CPU
		{ADF118FD-FFEF-48E6-90B3-A1B03676832E}.Debug|ARM.Build.0 = Debug|Any CPU
		{ADF118FD-FFEF-48E6-90B3-A1B03676832E}.Debug|ARM.Deploy.0 = Debug|Any CPU
		{ADF118FD-FFEF-48E6-90B3-A1B03676832E}.Debug|iPhone.ActiveCfg = Debug|Any CPU
		{ADF118FD-FFEF-48E6-90B3-A1B03676832E}.Debug|iPhone.Build.0 = Debug|Any CPU
		{ADF118FD-FFEF-48E6-90B3-A1B03676832E}.Debug|iPhone.Deploy.0 = Debug|Any CPU
		{ADF118FD-FFEF-48E6-90B3-A1B03676832E}.Debug|iPhoneSimulator.ActiveCfg = Debug|Any CPU
		{ADF118FD-FFEF-48E6-90B3-A1B03676832E}.Debug|iPhoneSimulator.Build.0 = Debug|Any CPU
		{ADF118FD-FFEF-48E6-90B3-A1B03676832E}.Debug|iPhoneSimulator.Deploy.0 = Debug|Any CPU
		{ADF118FD-FFEF-48E6-90B3-A1B03676832E}.Debug|x64.ActiveCfg = Debug|Any CPU
		{ADF118FD-FFEF-48E6-90B3-A1B03676832E}.Debug|x64.Build.0 = Debug|Any CPU
		{ADF118FD-FFEF-48E6-90B3-A1B03676832E}.Debug|x64.Deploy.0 = Debug|Any CPU
		{ADF118FD-FFEF-48E6-90B3-A1B03676832E}.Debug|x86.ActiveCfg = Debug|Any CPU
		{ADF118FD-FFEF-48E6-90B3-A1B03676832E}.Debug|x86.Build.0 = Debug|Any CPU
		{ADF118FD-FFEF-48E6-90B3-A1B03676832E}.Debug|x86.Deploy.0 = Debug|Any CPU
		{ADF118FD-FFEF-48E6-90B3-A1B03676832E}.Release|Any CPU.ActiveCfg = Release|Any CPU
		{ADF118FD-FFEF-48E6-90B3-A1B03676832E}.Release|Any CPU.Build.0 = Release|Any CPU
		{ADF118FD-FFEF-48E6-90B3-A1B03676832E}.Release|Any CPU.Deploy.0 = Release|Any CPU
		{ADF118FD-FFEF-48E6-90B3-A1B03676832E}.Release|ARM.ActiveCfg = Release|Any CPU
		{ADF118FD-FFEF-48E6-90B3-A1B03676832E}.Release|ARM.Build.0 = Release|Any CPU
		{ADF118FD-FFEF-48E6-90B3-A1B03676832E}.Release|ARM.Deploy.0 = Release|Any CPU
		{ADF118FD-FFEF-48E6-90B3-A1B03676832E}.Release|iPhone.ActiveCfg = Release|Any CPU
		{ADF118FD-FFEF-48E6-90B3-A1B03676832E}.Release|iPhone.Build.0 = Release|Any CPU
		{ADF118FD-FFEF-48E6-90B3-A1B03676832E}.Release|iPhone.Deploy.0 = Release|Any CPU
		{ADF118FD-FFEF-48E6-90B3-A1B03676832E}.Release|iPhoneSimulator.ActiveCfg = Release|Any CPU
		{ADF118FD-FFEF-48E6-90B3-A1B03676832E}.Release|iPhoneSimulator.Build.0 = Release|Any CPU
		{ADF118FD-FFEF-48E6-90B3-A1B03676832E}.Release|iPhoneSimulator.Deploy.0 = Release|Any CPU
		{ADF118FD-FFEF-48E6-90B3-A1B03676832E}.Release|x64.ActiveCfg = Release|Any CPU
		{ADF118FD-FFEF-48E6-90B3-A1B03676832E}.Release|x64.Build.0 = Release|Any CPU
		{ADF118FD-FFEF-48E6-90B3-A1B03676832E}.Release|x64.Deploy.0 = Release|Any CPU
		{ADF118FD-FFEF-48E6-90B3-A1B03676832E}.Release|x86.ActiveCfg = Release|Any CPU
		{ADF118FD-FFEF-48E6-90B3-A1B03676832E}.Release|x86.Build.0 = Release|Any CPU
		{ADF118FD-FFEF-48E6-90B3-A1B03676832E}.Release|x86.Deploy.0 = Release|Any CPU
		{8EE469B1-0D90-4634-AEA4-2D9ACA32578D}.Ad-Hoc|Any CPU.ActiveCfg = Ad-Hoc|iPhone
		{8EE469B1-0D90-4634-AEA4-2D9ACA32578D}.Ad-Hoc|ARM.ActiveCfg = Ad-Hoc|iPhone
		{8EE469B1-0D90-4634-AEA4-2D9ACA32578D}.Ad-Hoc|iPhone.ActiveCfg = Ad-Hoc|iPhone
		{8EE469B1-0D90-4634-AEA4-2D9ACA32578D}.Ad-Hoc|iPhone.Build.0 = Ad-Hoc|iPhone
		{8EE469B1-0D90-4634-AEA4-2D9ACA32578D}.Ad-Hoc|iPhoneSimulator.ActiveCfg = Ad-Hoc|iPhoneSimulator
		{8EE469B1-0D90-4634-AEA4-2D9ACA32578D}.Ad-Hoc|iPhoneSimulator.Build.0 = Ad-Hoc|iPhoneSimulator
		{8EE469B1-0D90-4634-AEA4-2D9ACA32578D}.Ad-Hoc|x64.ActiveCfg = Ad-Hoc|iPhone
		{8EE469B1-0D90-4634-AEA4-2D9ACA32578D}.Ad-Hoc|x86.ActiveCfg = Ad-Hoc|iPhone
		{8EE469B1-0D90-4634-AEA4-2D9ACA32578D}.AppStore|Any CPU.ActiveCfg = AppStore|iPhone
		{8EE469B1-0D90-4634-AEA4-2D9ACA32578D}.AppStore|ARM.ActiveCfg = AppStore|iPhone
		{8EE469B1-0D90-4634-AEA4-2D9ACA32578D}.AppStore|iPhone.ActiveCfg = AppStore|iPhone
		{8EE469B1-0D90-4634-AEA4-2D9ACA32578D}.AppStore|iPhone.Build.0 = AppStore|iPhone
		{8EE469B1-0D90-4634-AEA4-2D9ACA32578D}.AppStore|iPhoneSimulator.ActiveCfg = AppStore|iPhoneSimulator
		{8EE469B1-0D90-4634-AEA4-2D9ACA32578D}.AppStore|iPhoneSimulator.Build.0 = AppStore|iPhoneSimulator
		{8EE469B1-0D90-4634-AEA4-2D9ACA32578D}.AppStore|x64.ActiveCfg = AppStore|iPhone
		{8EE469B1-0D90-4634-AEA4-2D9ACA32578D}.AppStore|x86.ActiveCfg = AppStore|iPhone
		{8EE469B1-0D90-4634-AEA4-2D9ACA32578D}.Debug|Any CPU.ActiveCfg = Debug|iPhone
		{8EE469B1-0D90-4634-AEA4-2D9ACA32578D}.Debug|ARM.ActiveCfg = Debug|iPhone
		{8EE469B1-0D90-4634-AEA4-2D9ACA32578D}.Debug|iPhone.ActiveCfg = Debug|iPhone
		{8EE469B1-0D90-4634-AEA4-2D9ACA32578D}.Debug|iPhone.Build.0 = Debug|iPhone
		{8EE469B1-0D90-4634-AEA4-2D9ACA32578D}.Debug|iPhoneSimulator.ActiveCfg = Debug|iPhoneSimulator
		{8EE469B1-0D90-4634-AEA4-2D9ACA32578D}.Debug|iPhoneSimulator.Build.0 = Debug|iPhoneSimulator
		{8EE469B1-0D90-4634-AEA4-2D9ACA32578D}.Debug|x64.ActiveCfg = Debug|iPhone
		{8EE469B1-0D90-4634-AEA4-2D9ACA32578D}.Debug|x86.ActiveCfg = Debug|iPhone
		{8EE469B1-0D90-4634-AEA4-2D9ACA32578D}.Release|Any CPU.ActiveCfg = Release|iPhone
		{8EE469B1-0D90-4634-AEA4-2D9ACA32578D}.Release|ARM.ActiveCfg = Release|iPhone
		{8EE469B1-0D90-4634-AEA4-2D9ACA32578D}.Release|iPhone.ActiveCfg = Release|iPhone
		{8EE469B1-0D90-4634-AEA4-2D9ACA32578D}.Release|iPhone.Build.0 = Release|iPhone
		{8EE469B1-0D90-4634-AEA4-2D9ACA32578D}.Release|iPhoneSimulator.ActiveCfg = Release|iPhoneSimulator
		{8EE469B1-0D90-4634-AEA4-2D9ACA32578D}.Release|iPhoneSimulator.Build.0 = Release|iPhoneSimulator
		{8EE469B1-0D90-4634-AEA4-2D9ACA32578D}.Release|x64.ActiveCfg = Release|iPhone
		{8EE469B1-0D90-4634-AEA4-2D9ACA32578D}.Release|x86.ActiveCfg = Release|iPhone
		{F7DE160E-2A02-46B7-A6A4-639398BEA28A}.Ad-Hoc|Any CPU.ActiveCfg = Release|x86
		{F7DE160E-2A02-46B7-A6A4-639398BEA28A}.Ad-Hoc|Any CPU.Build.0 = Release|x86
		{F7DE160E-2A02-46B7-A6A4-639398BEA28A}.Ad-Hoc|Any CPU.Deploy.0 = Release|x86
		{F7DE160E-2A02-46B7-A6A4-639398BEA28A}.Ad-Hoc|ARM.ActiveCfg = Release|ARM
		{F7DE160E-2A02-46B7-A6A4-639398BEA28A}.Ad-Hoc|ARM.Build.0 = Release|ARM
		{F7DE160E-2A02-46B7-A6A4-639398BEA28A}.Ad-Hoc|ARM.Deploy.0 = Release|ARM
		{F7DE160E-2A02-46B7-A6A4-639398BEA28A}.Ad-Hoc|iPhone.ActiveCfg = Release|x86
		{F7DE160E-2A02-46B7-A6A4-639398BEA28A}.Ad-Hoc|iPhone.Build.0 = Release|x86
		{F7DE160E-2A02-46B7-A6A4-639398BEA28A}.Ad-Hoc|iPhone.Deploy.0 = Release|x86
		{F7DE160E-2A02-46B7-A6A4-639398BEA28A}.Ad-Hoc|iPhoneSimulator.ActiveCfg = Release|x86
		{F7DE160E-2A02-46B7-A6A4-639398BEA28A}.Ad-Hoc|iPhoneSimulator.Build.0 = Release|x86
		{F7DE160E-2A02-46B7-A6A4-639398BEA28A}.Ad-Hoc|iPhoneSimulator.Deploy.0 = Release|x86
		{F7DE160E-2A02-46B7-A6A4-639398BEA28A}.Ad-Hoc|x64.ActiveCfg = Release|x64
		{F7DE160E-2A02-46B7-A6A4-639398BEA28A}.Ad-Hoc|x64.Build.0 = Release|x64
		{F7DE160E-2A02-46B7-A6A4-639398BEA28A}.Ad-Hoc|x64.Deploy.0 = Release|x64
		{F7DE160E-2A02-46B7-A6A4-639398BEA28A}.Ad-Hoc|x86.ActiveCfg = Release|x86
		{F7DE160E-2A02-46B7-A6A4-639398BEA28A}.Ad-Hoc|x86.Build.0 = Release|x86
		{F7DE160E-2A02-46B7-A6A4-639398BEA28A}.Ad-Hoc|x86.Deploy.0 = Release|x86
		{F7DE160E-2A02-46B7-A6A4-639398BEA28A}.AppStore|Any CPU.ActiveCfg = Release|x86
		{F7DE160E-2A02-46B7-A6A4-639398BEA28A}.AppStore|Any CPU.Build.0 = Release|x86
		{F7DE160E-2A02-46B7-A6A4-639398BEA28A}.AppStore|Any CPU.Deploy.0 = Release|x86
		{F7DE160E-2A02-46B7-A6A4-639398BEA28A}.AppStore|ARM.ActiveCfg = Release|ARM
		{F7DE160E-2A02-46B7-A6A4-639398BEA28A}.AppStore|ARM.Build.0 = Release|ARM
		{F7DE160E-2A02-46B7-A6A4-639398BEA28A}.AppStore|ARM.Deploy.0 = Release|ARM
		{F7DE160E-2A02-46B7-A6A4-639398BEA28A}.AppStore|iPhone.ActiveCfg = Release|x86
		{F7DE160E-2A02-46B7-A6A4-639398BEA28A}.AppStore|iPhone.Build.0 = Release|x86
		{F7DE160E-2A02-46B7-A6A4-639398BEA28A}.AppStore|iPhone.Deploy.0 = Release|x86
		{F7DE160E-2A02-46B7-A6A4-639398BEA28A}.AppStore|iPhoneSimulator.ActiveCfg = Release|x86
		{F7DE160E-2A02-46B7-A6A4-639398BEA28A}.AppStore|iPhoneSimulator.Build.0 = Release|x86
		{F7DE160E-2A02-46B7-A6A4-639398BEA28A}.AppStore|iPhoneSimulator.Deploy.0 = Release|x86
		{F7DE160E-2A02-46B7-A6A4-639398BEA28A}.AppStore|x64.ActiveCfg = Release|x64
		{F7DE160E-2A02-46B7-A6A4-639398BEA28A}.AppStore|x64.Build.0 = Release|x64
		{F7DE160E-2A02-46B7-A6A4-639398BEA28A}.AppStore|x64.Deploy.0 = Release|x64
		{F7DE160E-2A02-46B7-A6A4-639398BEA28A}.AppStore|x86.ActiveCfg = Release|x86
		{F7DE160E-2A02-46B7-A6A4-639398BEA28A}.AppStore|x86.Build.0 = Release|x86
		{F7DE160E-2A02-46B7-A6A4-639398BEA28A}.AppStore|x86.Deploy.0 = Release|x86
		{F7DE160E-2A02-46B7-A6A4-639398BEA28A}.Debug|Any CPU.ActiveCfg = Debug|x86
		{F7DE160E-2A02-46B7-A6A4-639398BEA28A}.Debug|ARM.ActiveCfg = Debug|ARM
		{F7DE160E-2A02-46B7-A6A4-639398BEA28A}.Debug|ARM.Build.0 = Debug|ARM
		{F7DE160E-2A02-46B7-A6A4-639398BEA28A}.Debug|ARM.Deploy.0 = Debug|ARM
		{F7DE160E-2A02-46B7-A6A4-639398BEA28A}.Debug|iPhone.ActiveCfg = Debug|x86
		{F7DE160E-2A02-46B7-A6A4-639398BEA28A}.Debug|iPhoneSimulator.ActiveCfg = Debug|x86
		{F7DE160E-2A02-46B7-A6A4-639398BEA28A}.Debug|x64.ActiveCfg = Debug|x64
		{F7DE160E-2A02-46B7-A6A4-639398BEA28A}.Debug|x64.Build.0 = Debug|x64
		{F7DE160E-2A02-46B7-A6A4-639398BEA28A}.Debug|x64.Deploy.0 = Debug|x64
		{F7DE160E-2A02-46B7-A6A4-639398BEA28A}.Debug|x86.ActiveCfg = Debug|x86
		{F7DE160E-2A02-46B7-A6A4-639398BEA28A}.Debug|x86.Build.0 = Debug|x86
		{F7DE160E-2A02-46B7-A6A4-639398BEA28A}.Debug|x86.Deploy.0 = Debug|x86
		{F7DE160E-2A02-46B7-A6A4-639398BEA28A}.Release|Any CPU.ActiveCfg = Release|x86
		{F7DE160E-2A02-46B7-A6A4-639398BEA28A}.Release|ARM.ActiveCfg = Release|ARM
		{F7DE160E-2A02-46B7-A6A4-639398BEA28A}.Release|ARM.Build.0 = Release|ARM
		{F7DE160E-2A02-46B7-A6A4-639398BEA28A}.Release|ARM.Deploy.0 = Release|ARM
		{F7DE160E-2A02-46B7-A6A4-639398BEA28A}.Release|iPhone.ActiveCfg = Release|x86
		{F7DE160E-2A02-46B7-A6A4-639398BEA28A}.Release|iPhoneSimulator.ActiveCfg = Release|x86
		{F7DE160E-2A02-46B7-A6A4-639398BEA28A}.Release|x64.ActiveCfg = Release|x64
		{F7DE160E-2A02-46B7-A6A4-639398BEA28A}.Release|x64.Build.0 = Release|x64
		{F7DE160E-2A02-46B7-A6A4-639398BEA28A}.Release|x64.Deploy.0 = Release|x64
		{F7DE160E-2A02-46B7-A6A4-639398BEA28A}.Release|x86.ActiveCfg = Release|x86
		{F7DE160E-2A02-46B7-A6A4-639398BEA28A}.Release|x86.Build.0 = Release|x86
		{F7DE160E-2A02-46B7-A6A4-639398BEA28A}.Release|x86.Deploy.0 = Release|x86
	EndGlobalSection
	GlobalSection(SolutionProperties) = preSolution
		HideSolutionNode = FALSE
	EndGlobalSection
	GlobalSection(ExtensibilityGlobals) = postSolution
		SolutionGuid = {64C45261-0E1C-44A0-965A-DD455FB67324}
	EndGlobalSection
EndGlobal
